// !$*UTF8*$!
{
	archiveVersion = 1;
	classes = {
	};
	objectVersion = 60;
	objects = {

/* Begin PBXBuildFile section */
		111111111111111111110001 /* RemoteDockMacApp.swift in Sources */ = {isa = PBXBuildFile; fileRef = 111111111111111111112001 /* RemoteDockMacApp.swift */; };
		111111111111111111110002 /* MacAppModel.swift in Sources */ = {isa = PBXBuildFile; fileRef = 111111111111111111112002 /* MacAppModel.swift */; };
		111111111111111111110003 /* Services/PermissionCenter.swift in Sources */ = {isa = PBXBuildFile; fileRef = 111111111111111111112003 /* Services/PermissionCenter.swift */; };
		111111111111111111110004 /* Services/PeerSessionManager.swift in Sources */ = {isa = PBXBuildFile; fileRef = 111111111111111111112004 /* Services/PeerSessionManager.swift */; };
		111111111111111111110005 /* Services/PinnedAppsService.swift in Sources */ = {isa = PBXBuildFile; fileRef = 111111111111111111112005 /* Services/PinnedAppsService.swift */; };
		111111111111111111110006 /* Services/RunningAppsService.swift in Sources */ = {isa = PBXBuildFile; fileRef = 111111111111111111112006 /* Services/RunningAppsService.swift */; };
		111111111111111111110007 /* Services/ClipboardHistoryService.swift in Sources */ = {isa = PBXBuildFile; fileRef = 111111111111111111112007 /* Services/ClipboardHistoryService.swift */; };
		111111111111111111110008 /* Services/MacCommandExecutor.swift in Sources */ = {isa = PBXBuildFile; fileRef = 111111111111111111112008 /* Services/MacCommandExecutor.swift */; };
		111111111111111111110009 /* Services/SnapshotPublisher.swift in Sources */ = {isa = PBXBuildFile; fileRef = 111111111111111111112009 /* Services/SnapshotPublisher.swift */; };
		11111111111111111111000A /* Views/MenuBarContentView.swift in Sources */ = {isa = PBXBuildFile; fileRef = 11111111111111111111200A /* Views/MenuBarContentView.swift */; };
		11111111111111111111000B /* Views/SettingsView.swift in Sources */ = {isa = PBXBuildFile; fileRef = 11111111111111111111200B /* Views/SettingsView.swift */; };
		11111111111111111111000C /* Views/PinnedAppsSettingsView.swift in Sources */ = {isa = PBXBuildFile; fileRef = 11111111111111111111200C /* Views/PinnedAppsSettingsView.swift */; };
		11111111111111111111000D /* Views/RunningAppsSettingsView.swift in Sources */ = {isa = PBXBuildFile; fileRef = 11111111111111111111200D /* Views/RunningAppsSettingsView.swift */; };
		11111111111111111111000E /* Views/PrivacySettingsView.swift in Sources */ = {isa = PBXBuildFile; fileRef = 11111111111111111111200E /* Views/PrivacySettingsView.swift */; };
		11111111111111111111000F /* Views/MacAppIconView.swift in Sources */ = {isa = PBXBuildFile; fileRef = 11111111111111111111200F /* Views/MacAppIconView.swift */; };
		111111111111111111110010 /* Services/AppCatalogService.swift in Sources */ = {isa = PBXBuildFile; fileRef = 111111111111111111112010 /* Services/AppCatalogService.swift */; };
		111111111111111111110011 /* Services/RunningAppsVisibilityService.swift in Sources */ = {isa = PBXBuildFile; fileRef = 111111111111111111112011 /* Services/RunningAppsVisibilityService.swift */; };
		111111111111111111110012 /* Services/AppIconAssetService.swift in Sources */ = {isa = PBXBuildFile; fileRef = 111111111111111111112012 /* Services/AppIconAssetService.swift */; };
		111111111111111111110013 /* Services/ClipboardHistorySettingsService.swift in Sources */ = {isa = PBXBuildFile; fileRef = 111111111111111111112013 /* Services/ClipboardHistorySettingsService.swift */; };
		111111111111111111110014 /* Services/ClipboardHistoryPanelController.swift in Sources */ = {isa = PBXBuildFile; fileRef = 111111111111111111112014 /* Services/ClipboardHistoryPanelController.swift */; };
		111111111111111111110015 /* Services/LanguageSettingsService.swift in Sources */ = {isa = PBXBuildFile; fileRef = 111111111111111111112015 /* Services/LanguageSettingsService.swift */; };
		111111111111111111110020 /* Assets/AppIcon.icns in Resources */ = {isa = PBXBuildFile; fileRef = 111111111111111111112020 /* Assets/AppIcon.icns */; };
		111111111111111111110021 /* Assets.xcassets in Resources */ = {isa = PBXBuildFile; fileRef = 111111111111111111112021 /* Assets.xcassets */; };
		111111111111111111110022 /* Localizable.xcstrings in Resources */ = {isa = PBXBuildFile; fileRef = 111111111111111111112022 /* Localizable.xcstrings */; };
		111111111111111111110101 /* RemoteDockCore in Frameworks */ = {isa = PBXBuildFile; productRef = 999999999999999999990001 /* RemoteDockCore */; };
		111111111111111111110102 /* RemoteDockProtocol in Frameworks */ = {isa = PBXBuildFile; productRef = 999999999999999999990002 /* RemoteDockProtocol */; };
		111111111111111111110103 /* RemoteDockTransport in Frameworks */ = {isa = PBXBuildFile; productRef = 999999999999999999990003 /* RemoteDockTransport */; };
		222222222222222222220001 /* RemoteDockiOSApp.swift in Sources */ = {isa = PBXBuildFile; fileRef = 222222222222222222222001 /* RemoteDockiOSApp.swift */; };
		222222222222222222220002 /* Stores/RemoteDockClientStore.swift in Sources */ = {isa = PBXBuildFile; fileRef = 222222222222222222222002 /* Stores/RemoteDockClientStore.swift */; };
		222222222222222222220003 /* Stores/DiscoveryStore.swift in Sources */ = {isa = PBXBuildFile; fileRef = 222222222222222222222003 /* Stores/DiscoveryStore.swift */; };
		222222222222222222220004 /* Stores/DockStore.swift in Sources */ = {isa = PBXBuildFile; fileRef = 222222222222222222222004 /* Stores/DockStore.swift */; };
		222222222222222222220005 /* Stores/RunningAppsStore.swift in Sources */ = {isa = PBXBuildFile; fileRef = 222222222222222222222005 /* Stores/RunningAppsStore.swift */; };
		222222222222222222220006 /* Stores/ClipboardStore.swift in Sources */ = {isa = PBXBuildFile; fileRef = 222222222222222222222006 /* Stores/ClipboardStore.swift */; };
		222222222222222222220007 /* Stores/SettingsStore.swift in Sources */ = {isa = PBXBuildFile; fileRef = 222222222222222222222007 /* Stores/SettingsStore.swift */; };
		222222222222222222220008 /* Services/CommandDispatcher.swift in Sources */ = {isa = PBXBuildFile; fileRef = 222222222222222222222008 /* Services/CommandDispatcher.swift */; };
		222222222222222222220009 /* Services/MockBootstrap.swift in Sources */ = {isa = PBXBuildFile; fileRef = 222222222222222222222009 /* Services/MockBootstrap.swift */; };
		22222222222222222222000A /* Views/RootTabView.swift in Sources */ = {isa = PBXBuildFile; fileRef = 22222222222222222222200A /* Views/RootTabView.swift */; };
		22222222222222222222000B /* Views/DockView.swift in Sources */ = {isa = PBXBuildFile; fileRef = 22222222222222222222200B /* Views/DockView.swift */; };
		22222222222222222222000C /* Views/RunningAppsView.swift in Sources */ = {isa = PBXBuildFile; fileRef = 22222222222222222222200C /* Views/RunningAppsView.swift */; };
		22222222222222222222000D /* Views/ClipboardView.swift in Sources */ = {isa = PBXBuildFile; fileRef = 22222222222222222222200D /* Views/ClipboardView.swift */; };
		22222222222222222222000E /* Views/SettingsView.swift in Sources */ = {isa = PBXBuildFile; fileRef = 22222222222222222222200E /* Views/SettingsView.swift */; };
		22222222222222222222000F /* Views/ConnectionBanner.swift in Sources */ = {isa = PBXBuildFile; fileRef = 22222222222222222222200F /* Views/ConnectionBanner.swift */; };
		222222222222222222220010 /* Views/AppIconView.swift in Sources */ = {isa = PBXBuildFile; fileRef = 222222222222222222222010 /* Views/AppIconView.swift */; };
		222222222222222222220020 /* Assets.xcassets in Resources */ = {isa = PBXBuildFile; fileRef = 222222222222222222222020 /* Assets.xcassets */; };
		222222222222222222220021 /* Localizable.xcstrings in Resources */ = {isa = PBXBuildFile; fileRef = 222222222222222222222021 /* Localizable.xcstrings */; };
		222222222222222222220101 /* RemoteDockCore in Frameworks */ = {isa = PBXBuildFile; productRef = 999999999999999999990001 /* RemoteDockCore */; };
		222222222222222222220102 /* RemoteDockProtocol in Frameworks */ = {isa = PBXBuildFile; productRef = 999999999999999999990002 /* RemoteDockProtocol */; };
		222222222222222222220103 /* RemoteDockTransport in Frameworks */ = {isa = PBXBuildFile; productRef = 999999999999999999990003 /* RemoteDockTransport */; };
/* End PBXBuildFile section */

/* Begin PBXFileReference section */
		111111111111111111112001 /* RemoteDockMacApp.swift */ = {isa = PBXFileReference; lastKnownFileType = sourcecode.swift; path = RemoteDockMacApp.swift; sourceTree = "<group>"; };
		111111111111111111112002 /* MacAppModel.swift */ = {isa = PBXFileReference; lastKnownFileType = sourcecode.swift; path = MacAppModel.swift; sourceTree = "<group>"; };
		111111111111111111112003 /* Services/PermissionCenter.swift */ = {isa = PBXFileReference; lastKnownFileType = sourcecode.swift; path = Services/PermissionCenter.swift; sourceTree = "<group>"; };
		111111111111111111112004 /* Services/PeerSessionManager.swift */ = {isa = PBXFileReference; lastKnownFileType = sourcecode.swift; path = Services/PeerSessionManager.swift; sourceTree = "<group>"; };
		111111111111111111112005 /* Services/PinnedAppsService.swift */ = {isa = PBXFileReference; lastKnownFileType = sourcecode.swift; path = Services/PinnedAppsService.swift; sourceTree = "<group>"; };
		111111111111111111112006 /* Services/RunningAppsService.swift */ = {isa = PBXFileReference; lastKnownFileType = sourcecode.swift; path = Services/RunningAppsService.swift; sourceTree = "<group>"; };
		111111111111111111112007 /* Services/ClipboardHistoryService.swift */ = {isa = PBXFileReference; lastKnownFileType = sourcecode.swift; path = Services/ClipboardHistoryService.swift; sourceTree = "<group>"; };
		111111111111111111112008 /* Services/MacCommandExecutor.swift */ = {isa = PBXFileReference; lastKnownFileType = sourcecode.swift; path = Services/MacCommandExecutor.swift; sourceTree = "<group>"; };
		111111111111111111112009 /* Services/SnapshotPublisher.swift */ = {isa = PBXFileReference; lastKnownFileType = sourcecode.swift; path = Services/SnapshotPublisher.swift; sourceTree = "<group>"; };
		11111111111111111111200A /* Views/MenuBarContentView.swift */ = {isa = PBXFileReference; lastKnownFileType = sourcecode.swift; path = Views/MenuBarContentView.swift; sourceTree = "<group>"; };
		11111111111111111111200B /* Views/SettingsView.swift */ = {isa = PBXFileReference; lastKnownFileType = sourcecode.swift; path = Views/SettingsView.swift; sourceTree = "<group>"; };
		11111111111111111111200C /* Views/PinnedAppsSettingsView.swift */ = {isa = PBXFileReference; lastKnownFileType = sourcecode.swift; path = Views/PinnedAppsSettingsView.swift; sourceTree = "<group>"; };
		11111111111111111111200D /* Views/RunningAppsSettingsView.swift */ = {isa = PBXFileReference; lastKnownFileType = sourcecode.swift; path = Views/RunningAppsSettingsView.swift; sourceTree = "<group>"; };
		11111111111111111111200E /* Views/PrivacySettingsView.swift */ = {isa = PBXFileReference; lastKnownFileType = sourcecode.swift; path = Views/PrivacySettingsView.swift; sourceTree = "<group>"; };
		11111111111111111111200F /* Views/MacAppIconView.swift */ = {isa = PBXFileReference; lastKnownFileType = sourcecode.swift; path = Views/MacAppIconView.swift; sourceTree = "<group>"; };
		111111111111111111112010 /* Services/AppCatalogService.swift */ = {isa = PBXFileReference; lastKnownFileType = sourcecode.swift; path = Services/AppCatalogService.swift; sourceTree = "<group>"; };
		111111111111111111112011 /* Services/RunningAppsVisibilityService.swift */ = {isa = PBXFileReference; lastKnownFileType = sourcecode.swift; path = Services/RunningAppsVisibilityService.swift; sourceTree = "<group>"; };
		111111111111111111112012 /* Services/AppIconAssetService.swift */ = {isa = PBXFileReference; lastKnownFileType = sourcecode.swift; path = Services/AppIconAssetService.swift; sourceTree = "<group>"; };
		111111111111111111112013 /* Services/ClipboardHistorySettingsService.swift */ = {isa = PBXFileReference; lastKnownFileType = sourcecode.swift; path = Services/ClipboardHistorySettingsService.swift; sourceTree = "<group>"; };
		111111111111111111112014 /* Services/ClipboardHistoryPanelController.swift */ = {isa = PBXFileReference; lastKnownFileType = sourcecode.swift; path = Services/ClipboardHistoryPanelController.swift; sourceTree = "<group>"; };
		111111111111111111112015 /* Services/LanguageSettingsService.swift */ = {isa = PBXFileReference; lastKnownFileType = sourcecode.swift; path = Services/LanguageSettingsService.swift; sourceTree = "<group>"; };
		111111111111111111112020 /* Assets/AppIcon.icns */ = {isa = PBXFileReference; lastKnownFileType = image.icns; path = Assets/AppIcon.icns; sourceTree = "<group>"; };
		111111111111111111112021 /* Assets.xcassets */ = {isa = PBXFileReference; lastKnownFileType = folder.assetcatalog; path = Assets.xcassets; sourceTree = "<group>"; };
		111111111111111111112022 /* Localizable.xcstrings */ = {isa = PBXFileReference; lastKnownFileType = text.json.xcstrings; path = Localizable.xcstrings; sourceTree = "<group>"; };
		1111111111111111111120FF /* Info.plist */ = {isa = PBXFileReference; lastKnownFileType = text.plist.xml; path = Info.plist; sourceTree = "<group>"; };
		111111111111111111113001 /* RemoteDockMac.app */ = {isa = PBXFileReference; explicitFileType = wrapper.application; includeInIndex = 0; path = RemoteDockMac.app; sourceTree = BUILT_PRODUCTS_DIR; };
		222222222222222222222001 /* RemoteDockiOSApp.swift */ = {isa = PBXFileReference; lastKnownFileType = sourcecode.swift; path = RemoteDockiOSApp.swift; sourceTree = "<group>"; };
		222222222222222222222002 /* Stores/RemoteDockClientStore.swift */ = {isa = PBXFileReference; lastKnownFileType = sourcecode.swift; path = Stores/RemoteDockClientStore.swift; sourceTree = "<group>"; };
		222222222222222222222003 /* Stores/DiscoveryStore.swift */ = {isa = PBXFileReference; lastKnownFileType = sourcecode.swift; path = Stores/DiscoveryStore.swift; sourceTree = "<group>"; };
		222222222222222222222004 /* Stores/DockStore.swift */ = {isa = PBXFileReference; lastKnownFileType = sourcecode.swift; path = Stores/DockStore.swift; sourceTree = "<group>"; };
		222222222222222222222005 /* Stores/RunningAppsStore.swift */ = {isa = PBXFileReference; lastKnownFileType = sourcecode.swift; path = Stores/RunningAppsStore.swift; sourceTree = "<group>"; };
		222222222222222222222006 /* Stores/ClipboardStore.swift */ = {isa = PBXFileReference; lastKnownFileType = sourcecode.swift; path = Stores/ClipboardStore.swift; sourceTree = "<group>"; };
		222222222222222222222007 /* Stores/SettingsStore.swift */ = {isa = PBXFileReference; lastKnownFileType = sourcecode.swift; path = Stores/SettingsStore.swift; sourceTree = "<group>"; };
		222222222222222222222008 /* Services/CommandDispatcher.swift */ = {isa = PBXFileReference; lastKnownFileType = sourcecode.swift; path = Services/CommandDispatcher.swift; sourceTree = "<group>"; };
		222222222222222222222009 /* Services/MockBootstrap.swift */ = {isa = PBXFileReference; lastKnownFileType = sourcecode.swift; path = Services/MockBootstrap.swift; sourceTree = "<group>"; };
		22222222222222222222200A /* Views/RootTabView.swift */ = {isa = PBXFileReference; lastKnownFileType = sourcecode.swift; path = Views/RootTabView.swift; sourceTree = "<group>"; };
		22222222222222222222200B /* Views/DockView.swift */ = {isa = PBXFileReference; lastKnownFileType = sourcecode.swift; path = Views/DockView.swift; sourceTree = "<group>"; };
		22222222222222222222200C /* Views/RunningAppsView.swift */ = {isa = PBXFileReference; lastKnownFileType = sourcecode.swift; path = Views/RunningAppsView.swift; sourceTree = "<group>"; };
		22222222222222222222200D /* Views/ClipboardView.swift */ = {isa = PBXFileReference; lastKnownFileType = sourcecode.swift; path = Views/ClipboardView.swift; sourceTree = "<group>"; };
		22222222222222222222200E /* Views/SettingsView.swift */ = {isa = PBXFileReference; lastKnownFileType = sourcecode.swift; path = Views/SettingsView.swift; sourceTree = "<group>"; };
		22222222222222222222200F /* Views/ConnectionBanner.swift */ = {isa = PBXFileReference; lastKnownFileType = sourcecode.swift; path = Views/ConnectionBanner.swift; sourceTree = "<group>"; };
		222222222222222222222010 /* Views/AppIconView.swift */ = {isa = PBXFileReference; lastKnownFileType = sourcecode.swift; path = Views/AppIconView.swift; sourceTree = "<group>"; };
		222222222222222222222020 /* Assets.xcassets */ = {isa = PBXFileReference; lastKnownFileType = folder.assetcatalog; path = Assets.xcassets; sourceTree = "<group>"; };
		222222222222222222222021 /* Localizable.xcstrings */ = {isa = PBXFileReference; lastKnownFileType = text.json.xcstrings; path = Localizable.xcstrings; sourceTree = "<group>"; };
		2222222222222222222220FF /* Info.plist */ = {isa = PBXFileReference; lastKnownFileType = text.plist.xml; path = Info.plist; sourceTree = "<group>"; };
		222222222222222222223001 /* RemoteDockiOS.app */ = {isa = PBXFileReference; explicitFileType = wrapper.application; includeInIndex = 0; path = RemoteDockiOS.app; sourceTree = BUILT_PRODUCTS_DIR; };
/* End PBXFileReference section */

/* Begin PBXFrameworksBuildPhase section */
		111111111111111111111002 /* Frameworks */ = {
			isa = PBXFrameworksBuildPhase;
			buildActionMask = 2147483647;
			files = (
				111111111111111111110101 /* RemoteDockCore in Frameworks */,
				111111111111111111110102 /* RemoteDockProtocol in Frameworks */,
				111111111111111111110103 /* RemoteDockTransport in Frameworks */,
			);
			runOnlyForDeploymentPostprocessing = 0;
		};
		222222222222222222221002 /* Frameworks */ = {
			isa = PBXFrameworksBuildPhase;
			buildActionMask = 2147483647;
			files = (
				222222222222222222220101 /* RemoteDockCore in Frameworks */,
				222222222222222222220102 /* RemoteDockProtocol in Frameworks */,
				222222222222222222220103 /* RemoteDockTransport in Frameworks */,
			);
			runOnlyForDeploymentPostprocessing = 0;
		};
/* End PBXFrameworksBuildPhase section */

/* Begin PBXGroup section */
		000000000000000000000002 = {
			isa = PBXGroup;
			children = (
				111111111111111111111100 /* apps/mac/RemoteDockMac */,
				222222222222222222221100 /* apps/ios/RemoteDockiOS */,
				000000000000000000000003 /* Products */,
			);
			sourceTree = "<group>";
		};
		000000000000000000000003 /* Products */ = {
			isa = PBXGroup;
			children = (
				111111111111111111113001 /* RemoteDockMac.app */,
				222222222222222222223001 /* RemoteDockiOS.app */,
			);
			name = Products;
			sourceTree = "<group>";
		};
		111111111111111111111100 /* apps/mac/RemoteDockMac */ = {
			isa = PBXGroup;
			children = (
				111111111111111111112001 /* RemoteDockMacApp.swift */,
				111111111111111111112002 /* MacAppModel.swift */,
				111111111111111111112003 /* Services/PermissionCenter.swift */,
				111111111111111111112004 /* Services/PeerSessionManager.swift */,
				111111111111111111112005 /* Services/PinnedAppsService.swift */,
				111111111111111111112006 /* Services/RunningAppsService.swift */,
				111111111111111111112007 /* Services/ClipboardHistoryService.swift */,
				111111111111111111112008 /* Services/MacCommandExecutor.swift */,
				111111111111111111112009 /* Services/SnapshotPublisher.swift */,
				111111111111111111112010 /* Services/AppCatalogService.swift */,
				111111111111111111112011 /* Services/RunningAppsVisibilityService.swift */,
				111111111111111111112012 /* Services/AppIconAssetService.swift */,
				111111111111111111112013 /* Services/ClipboardHistorySettingsService.swift */,
				111111111111111111112014 /* Services/ClipboardHistoryPanelController.swift */,
				111111111111111111112015 /* Services/LanguageSettingsService.swift */,
				11111111111111111111200A /* Views/MenuBarContentView.swift */,
				11111111111111111111200B /* Views/SettingsView.swift */,
				11111111111111111111200C /* Views/PinnedAppsSettingsView.swift */,
				11111111111111111111200D /* Views/RunningAppsSettingsView.swift */,
				11111111111111111111200E /* Views/PrivacySettingsView.swift */,
				11111111111111111111200F /* Views/MacAppIconView.swift */,
				111111111111111111112020 /* Assets/AppIcon.icns */,
				111111111111111111112021 /* Assets.xcassets */,
				111111111111111111112022 /* Localizable.xcstrings */,
				1111111111111111111120FF /* Info.plist */,
			);
			path = apps/mac/RemoteDockMac;
			sourceTree = "<group>";
		};
		222222222222222222221100 /* apps/ios/RemoteDockiOS */ = {
			isa = PBXGroup;
			children = (
				222222222222222222222001 /* RemoteDockiOSApp.swift */,
				222222222222222222222002 /* Stores/RemoteDockClientStore.swift */,
				222222222222222222222003 /* Stores/DiscoveryStore.swift */,
				222222222222222222222004 /* Stores/DockStore.swift */,
				222222222222222222222005 /* Stores/RunningAppsStore.swift */,
				222222222222222222222006 /* Stores/ClipboardStore.swift */,
				222222222222222222222007 /* Stores/SettingsStore.swift */,
				222222222222222222222008 /* Services/CommandDispatcher.swift */,
				222222222222222222222009 /* Services/MockBootstrap.swift */,
				22222222222222222222200A /* Views/RootTabView.swift */,
				22222222222222222222200B /* Views/DockView.swift */,
				22222222222222222222200C /* Views/RunningAppsView.swift */,
				22222222222222222222200D /* Views/ClipboardView.swift */,
				22222222222222222222200E /* Views/SettingsView.swift */,
				22222222222222222222200F /* Views/ConnectionBanner.swift */,
				222222222222222222222010 /* Views/AppIconView.swift */,
				222222222222222222222020 /* Assets.xcassets */,
				222222222222222222222021 /* Localizable.xcstrings */,
				2222222222222222222220FF /* Info.plist */,
			);
			path = apps/ios/RemoteDockiOS;
			sourceTree = "<group>";
		};
/* End PBXGroup section */

/* Begin PBXNativeTarget section */
		111111111111111111111000 /* RemoteDockMac */ = {
			isa = PBXNativeTarget;
			buildConfigurationList = 111111111111111111111004 /* Build configuration list for PBXNativeTarget "RemoteDockMac" */;
			buildPhases = (
				111111111111111111111001 /* Sources */,
				111111111111111111111002 /* Frameworks */,
				111111111111111111111003 /* Resources */,
			);
			buildRules = (
			);
			dependencies = (
			);
			name = RemoteDockMac;
			packageProductDependencies = (
				999999999999999999990001 /* RemoteDockCore */,
				999999999999999999990002 /* RemoteDockProtocol */,
				999999999999999999990003 /* RemoteDockTransport */,
			);
			productName = RemoteDockMac;
			productReference = 111111111111111111113001 /* RemoteDockMac.app */;
			productType = "com.apple.product-type.application";
		};
		222222222222222222221000 /* RemoteDockiOS */ = {
			isa = PBXNativeTarget;
			buildConfigurationList = 222222222222222222221004 /* Build configuration list for PBXNativeTarget "RemoteDockiOS" */;
			buildPhases = (
				222222222222222222221001 /* Sources */,
				222222222222222222221002 /* Frameworks */,
				222222222222222222221003 /* Resources */,
			);
			buildRules = (
			);
			dependencies = (
			);
			name = RemoteDockiOS;
			packageProductDependencies = (
				999999999999999999990001 /* RemoteDockCore */,
				999999999999999999990002 /* RemoteDockProtocol */,
				999999999999999999990003 /* RemoteDockTransport */,
			);
			productName = RemoteDockiOS;
			productReference = 222222222222222222223001 /* RemoteDockiOS.app */;
			productType = "com.apple.product-type.application";
		};
/* End PBXNativeTarget section */

/* Begin PBXProject section */
		000000000000000000000001 /* Project object */ = {
			isa = PBXProject;
			attributes = {
				BuildIndependentTargetsInParallel = 1;
				LastSwiftUpdateCheck = 2630;
				LastUpgradeCheck = 2630;
				TargetAttributes = {
					111111111111111111111000 = {
						CreatedOnToolsVersion = 26.3;
					};
					222222222222222222221000 = {
						CreatedOnToolsVersion = 26.3;
					};
				};
			};
			buildConfigurationList = 000000000000000000000004 /* Build configuration list for PBXProject "RemoteDock" */;
			compatibilityVersion = "Xcode 15.0";
			developmentRegion = en;
			hasScannedForEncodings = 0;
			knownRegions = (
				en,
				"zh-Hans",
				Base,
			);
			mainGroup = 000000000000000000000002;
			packageReferences = (
				999999999999999999990000 /* XCLocalSwiftPackageReference "packages/shared" */,
			);
			productRefGroup = 000000000000000000000003 /* Products */;
			projectDirPath = "";
			projectRoot = "";
			targets = (
				111111111111111111111000 /* RemoteDockMac */,
				222222222222222222221000 /* RemoteDockiOS */,
			);
		};
/* End PBXProject section */

/* Begin PBXResourcesBuildPhase section */
		111111111111111111111003 /* Resources */ = {
			isa = PBXResourcesBuildPhase;
			buildActionMask = 2147483647;
			files = (
				111111111111111111110020 /* Assets/AppIcon.icns in Resources */,
				111111111111111111110021 /* Assets.xcassets in Resources */,
				111111111111111111110022 /* Localizable.xcstrings in Resources */,
			);
			runOnlyForDeploymentPostprocessing = 0;
		};
		222222222222222222221003 /* Resources */ = {
			isa = PBXResourcesBuildPhase;
			buildActionMask = 2147483647;
			files = (
				222222222222222222220020 /* Assets.xcassets in Resources */,
				222222222222222222220021 /* Localizable.xcstrings in Resources */,
			);
			runOnlyForDeploymentPostprocessing = 0;
		};
/* End PBXResourcesBuildPhase section */

/* Begin PBXSourcesBuildPhase section */
		111111111111111111111001 /* Sources */ = {
			isa = PBXSourcesBuildPhase;
			buildActionMask = 2147483647;
			files = (
				111111111111111111110001 /* RemoteDockMacApp.swift in Sources */,
				111111111111111111110002 /* MacAppModel.swift in Sources */,
				111111111111111111110003 /* Services/PermissionCenter.swift in Sources */,
				111111111111111111110004 /* Services/PeerSessionManager.swift in Sources */,
				111111111111111111110005 /* Services/PinnedAppsService.swift in Sources */,
				111111111111111111110006 /* Services/RunningAppsService.swift in Sources */,
				111111111111111111110007 /* Services/ClipboardHistoryService.swift in Sources */,
				111111111111111111110008 /* Services/MacCommandExecutor.swift in Sources */,
				111111111111111111110009 /* Services/SnapshotPublisher.swift in Sources */,
				111111111111111111110010 /* Services/AppCatalogService.swift in Sources */,
				111111111111111111110011 /* Services/RunningAppsVisibilityService.swift in Sources */,
				111111111111111111110012 /* Services/AppIconAssetService.swift in Sources */,
				111111111111111111110013 /* Services/ClipboardHistorySettingsService.swift in Sources */,
				111111111111111111110014 /* Services/ClipboardHistoryPanelController.swift in Sources */,
				111111111111111111110015 /* Services/LanguageSettingsService.swift in Sources */,
				11111111111111111111000A /* Views/MenuBarContentView.swift in Sources */,
				11111111111111111111000B /* Views/SettingsView.swift in Sources */,
				11111111111111111111000C /* Views/PinnedAppsSettingsView.swift in Sources */,
				11111111111111111111000D /* Views/RunningAppsSettingsView.swift in Sources */,
				11111111111111111111000E /* Views/PrivacySettingsView.swift in Sources */,
				11111111111111111111000F /* Views/MacAppIconView.swift in Sources */,
			);
			runOnlyForDeploymentPostprocessing = 0;
		};
		222222222222222222221001 /* Sources */ = {
			isa = PBXSourcesBuildPhase;
			buildActionMask = 2147483647;
			files = (
				222222222222222222220001 /* RemoteDockiOSApp.swift in Sources */,
				222222222222222222220002 /* Stores/RemoteDockClientStore.swift in Sources */,
				222222222222222222220003 /* Stores/DiscoveryStore.swift in Sources */,
				222222222222222222220004 /* Stores/DockStore.swift in Sources */,
				222222222222222222220005 /* Stores/RunningAppsStore.swift in Sources */,
				222222222222222222220006 /* Stores/ClipboardStore.swift in Sources */,
				222222222222222222220007 /* Stores/SettingsStore.swift in Sources */,
				222222222222222222220008 /* Services/CommandDispatcher.swift in Sources */,
				222222222222222222220009 /* Services/MockBootstrap.swift in Sources */,
				22222222222222222222000A /* Views/RootTabView.swift in Sources */,
				22222222222222222222000B /* Views/DockView.swift in Sources */,
				22222222222222222222000C /* Views/RunningAppsView.swift in Sources */,
				22222222222222222222000D /* Views/ClipboardView.swift in Sources */,
				22222222222222222222000E /* Views/SettingsView.swift in Sources */,
				22222222222222222222000F /* Views/ConnectionBanner.swift in Sources */,
				222222222222222222220010 /* Views/AppIconView.swift in Sources */,
			);
			runOnlyForDeploymentPostprocessing = 0;
		};
/* End PBXSourcesBuildPhase section */

/* Begin XCBuildConfiguration section */
		000000000000000000000005 /* Debug */ = {
			isa = XCBuildConfiguration;
			buildSettings = {
				ALWAYS_SEARCH_USER_PATHS = NO;
				CLANG_ANALYZER_NONNULL = YES;
				CLANG_ANALYZER_NUMBER_OBJECT_CONVERSION = YES_AGGRESSIVE;
				CLANG_CXX_LANGUAGE_STANDARD = "gnu++20";
				CLANG_ENABLE_MODULES = YES;
				CLANG_ENABLE_OBJC_ARC = YES;
				CLANG_WARN_BLOCK_CAPTURE_AUTORELEASING = YES;
				CLANG_WARN_BOOL_CONVERSION = YES;
				CLANG_WARN_COMMA = YES;
				CLANG_WARN_CONSTANT_CONVERSION = YES;
				CLANG_WARN_DEPRECATED_OBJC_IMPLEMENTATIONS = YES;
				CLANG_WARN_DIRECT_OBJC_ISA_USAGE = YES_ERROR;
				CLANG_WARN_DOCUMENTATION_COMMENTS = YES;
				CLANG_WARN_EMPTY_BODY = YES;
				CLANG_WARN_ENUM_CONVERSION = YES;
				CLANG_WARN_INFINITE_RECURSION = YES;
				CLANG_WARN_INT_CONVERSION = YES;
				CLANG_WARN_NON_LITERAL_NULL_CONVERSION = YES;
				CLANG_WARN_OBJC_IMPLICIT_RETAIN_SELF = YES;
				CLANG_WARN_OBJC_LITERAL_CONVERSION = YES;
				CLANG_WARN_OBJC_ROOT_CLASS = YES_ERROR;
				CLANG_WARN_QUOTED_INCLUDE_IN_FRAMEWORK_HEADER = YES;
				CLANG_WARN_RANGE_LOOP_ANALYSIS = YES;
				CLANG_WARN_STRICT_PROTOTYPES = YES;
				CLANG_WARN_SUSPICIOUS_MOVE = YES;
				CLANG_WARN_UNGUARDED_AVAILABILITY = YES_AGGRESSIVE;
				CLANG_WARN_UNREACHABLE_CODE = YES;
				CLANG_WARN__DUPLICATE_METHOD_MATCH = YES;
				COPY_PHASE_STRIP = NO;
				DEBUG_INFORMATION_FORMAT = dwarf;
				ENABLE_STRICT_OBJC_MSGSEND = YES;
				ENABLE_TESTABILITY = YES;
				ENABLE_USER_SCRIPT_SANDBOXING = YES;
				GCC_C_LANGUAGE_STANDARD = gnu17;
				GCC_DYNAMIC_NO_PIC = NO;
				GCC_NO_COMMON_BLOCKS = YES;
				GCC_OPTIMIZATION_LEVEL = 0;
				GCC_PREPROCESSOR_DEFINITIONS = (
					"DEBUG=1",
					"$(inherited)",
				);
				GCC_WARN_64_TO_32_BIT_CONVERSION = YES;
				GCC_WARN_ABOUT_RETURN_TYPE = YES_ERROR;
				GCC_WARN_UNDECLARED_SELECTOR = YES;
				GCC_WARN_UNINITIALIZED_AUTOS = YES_AGGRESSIVE;
				GCC_WARN_UNUSED_FUNCTION = YES;
				GCC_WARN_UNUSED_VARIABLE = YES;
				LOCALIZATION_PREFERS_STRING_CATALOGS = YES;
				MTL_ENABLE_DEBUG_INFO = INCLUDE_SOURCE;
				MTL_FAST_MATH = YES;
				ONLY_ACTIVE_ARCH = YES;
				SDKROOT = auto;
				SWIFT_ACTIVE_COMPILATION_CONDITIONS = DEBUG;
				SWIFT_OPTIMIZATION_LEVEL = "-Onone";
			};
			name = Debug;
		};
		000000000000000000000006 /* Release */ = {
			isa = XCBuildConfiguration;
			buildSettings = {
				ALWAYS_SEARCH_USER_PATHS = NO;
				CLANG_ANALYZER_NONNULL = YES;
				CLANG_ANALYZER_NUMBER_OBJECT_CONVERSION = YES_AGGRESSIVE;
				CLANG_CXX_LANGUAGE_STANDARD = "gnu++20";
				CLANG_ENABLE_MODULES = YES;
				CLANG_ENABLE_OBJC_ARC = YES;
				CLANG_WARN_BLOCK_CAPTURE_AUTORELEASING = YES;
				CLANG_WARN_BOOL_CONVERSION = YES;
				CLANG_WARN_COMMA = YES;
				CLANG_WARN_CONSTANT_CONVERSION = YES;
				CLANG_WARN_DEPRECATED_OBJC_IMPLEMENTATIONS = YES;
				CLANG_WARN_DIRECT_OBJC_ISA_USAGE = YES_ERROR;
				CLANG_WARN_DOCUMENTATION_COMMENTS = YES;
				CLANG_WARN_EMPTY_BODY = YES;
				CLANG_WARN_ENUM_CONVERSION = YES;
				CLANG_WARN_INFINITE_RECURSION = YES;
				CLANG_WARN_INT_CONVERSION = YES;
				CLANG_WARN_NON_LITERAL_NULL_CONVERSION = YES;
				CLANG_WARN_OBJC_IMPLICIT_RETAIN_SELF = YES;
				CLANG_WARN_OBJC_LITERAL_CONVERSION = YES;
				CLANG_WARN_OBJC_ROOT_CLASS = YES_ERROR;
				CLANG_WARN_QUOTED_INCLUDE_IN_FRAMEWORK_HEADER = YES;
				CLANG_WARN_RANGE_LOOP_ANALYSIS = YES;
				CLANG_WARN_STRICT_PROTOTYPES = YES;
				CLANG_WARN_SUSPICIOUS_MOVE = YES;
				CLANG_WARN_UNGUARDED_AVAILABILITY = YES_AGGRESSIVE;
				CLANG_WARN_UNREACHABLE_CODE = YES;
				CLANG_WARN__DUPLICATE_METHOD_MATCH = YES;
				COPY_PHASE_STRIP = NO;
				DEBUG_INFORMATION_FORMAT = "dwarf-with-dsym";
				ENABLE_NS_ASSERTIONS = NO;
				ENABLE_STRICT_OBJC_MSGSEND = YES;
				ENABLE_USER_SCRIPT_SANDBOXING = YES;
				GCC_C_LANGUAGE_STANDARD = gnu17;
				GCC_NO_COMMON_BLOCKS = YES;
				GCC_WARN_64_TO_32_BIT_CONVERSION = YES;
				GCC_WARN_ABOUT_RETURN_TYPE = YES_ERROR;
				GCC_WARN_UNDECLARED_SELECTOR = YES;
				GCC_WARN_UNINITIALIZED_AUTOS = YES_AGGRESSIVE;
				GCC_WARN_UNUSED_FUNCTION = YES;
				GCC_WARN_UNUSED_VARIABLE = YES;
				LOCALIZATION_PREFERS_STRING_CATALOGS = YES;
				MTL_ENABLE_DEBUG_INFO = NO;
				MTL_FAST_MATH = YES;
				SDKROOT = auto;
				SWIFT_COMPILATION_MODE = wholemodule;
				SWIFT_OPTIMIZATION_LEVEL = "-O";
				VALIDATE_PRODUCT = YES;
			};
			name = Release;
		};
		111111111111111111111005 /* Debug */ = {
			isa = XCBuildConfiguration;
			buildSettings = {
				CODE_SIGN_STYLE = Automatic;
				CURRENT_PROJECT_VERSION = 1;
				DEVELOPMENT_TEAM = QSZ6C2FCXK;
				ENABLE_HARDENED_RUNTIME = YES;
				GENERATE_INFOPLIST_FILE = NO;
				INFOPLIST_FILE = apps/mac/RemoteDockMac/Info.plist;
				INFOPLIST_KEY_LSApplicationCategoryType = "public.app-category.utilities";
				LD_RUNPATH_SEARCH_PATHS = (
					"$(inherited)",
					"@executable_path/../Frameworks",
				);
				MACOSX_DEPLOYMENT_TARGET = 15.6;
				MARKETING_VERSION = 1.0.0;
				PRODUCT_BUNDLE_IDENTIFIER = com.kido.RemoteDockMac;
				PRODUCT_NAME = "$(TARGET_NAME)";
				SDKROOT = macosx;
				SWIFT_EMIT_LOC_STRINGS = YES;
				SWIFT_VERSION = 6.0;
			};
			name = Debug;
		};
		111111111111111111111006 /* Release */ = {
			isa = XCBuildConfiguration;
			buildSettings = {
				CODE_SIGN_STYLE = Automatic;
				CURRENT_PROJECT_VERSION = 1;
				DEVELOPMENT_TEAM = QSZ6C2FCXK;
				ENABLE_HARDENED_RUNTIME = YES;
				GENERATE_INFOPLIST_FILE = NO;
				INFOPLIST_FILE = apps/mac/RemoteDockMac/Info.plist;
				INFOPLIST_KEY_LSApplicationCategoryType = "public.app-category.utilities";
				LD_RUNPATH_SEARCH_PATHS = (
					"$(inherited)",
					"@executable_path/../Frameworks",
				);
				MACOSX_DEPLOYMENT_TARGET = 15.6;
				MARKETING_VERSION = 1.0.0;
				PRODUCT_BUNDLE_IDENTIFIER = com.kido.RemoteDockMac;
				PRODUCT_NAME = "$(TARGET_NAME)";
				SDKROOT = macosx;
				SWIFT_EMIT_LOC_STRINGS = YES;
				SWIFT_VERSION = 6.0;
			};
			name = Release;
		};
		222222222222222222221005 /* Debug */ = {
			isa = XCBuildConfiguration;
			buildSettings = {
				ASSETCATALOG_COMPILER_APPICON_NAME = AppIcon;
				ASSETCATALOG_COMPILER_GLOBAL_ACCENT_COLOR_NAME = AccentColor;
				CODE_SIGN_STYLE = Automatic;
				CURRENT_PROJECT_VERSION = 1;
				DEVELOPMENT_TEAM = QSZ6C2FCXK;
				GENERATE_INFOPLIST_FILE = NO;
				INFOPLIST_FILE = apps/ios/RemoteDockiOS/Info.plist;
				IPHONEOS_DEPLOYMENT_TARGET = 17.6;
				LD_RUNPATH_SEARCH_PATHS = (
					"$(inherited)",
					"@executable_path/Frameworks",
				);
				MARKETING_VERSION = 1.0.0;
				PRODUCT_BUNDLE_IDENTIFIER = com.kido.RemoteDockiOS;
				PRODUCT_NAME = "$(TARGET_NAME)";
				SDKROOT = iphoneos;
				SUPPORTED_PLATFORMS = "iphoneos iphonesimulator";
				SWIFT_EMIT_LOC_STRINGS = YES;
				SWIFT_VERSION = 6.0;
				TARGETED_DEVICE_FAMILY = "1,2";
			};
			name = Debug;
		};
		222222222222222222221006 /* Release */ = {
			isa = XCBuildConfiguration;
			buildSettings = {
				ASSETCATALOG_COMPILER_APPICON_NAME = AppIcon;
				ASSETCATALOG_COMPILER_GLOBAL_ACCENT_COLOR_NAME = AccentColor;
				CODE_SIGN_STYLE = Automatic;
				CURRENT_PROJECT_VERSION = 1;
				DEVELOPMENT_TEAM = QSZ6C2FCXK;
				GENERATE_INFOPLIST_FILE = NO;
				INFOPLIST_FILE = apps/ios/RemoteDockiOS/Info.plist;
				IPHONEOS_DEPLOYMENT_TARGET = 17.6;
				LD_RUNPATH_SEARCH_PATHS = (
					"$(inherited)",
					"@executable_path/Frameworks",
				);
				MARKETING_VERSION = 1.0.0;
				PRODUCT_BUNDLE_IDENTIFIER = com.kido.RemoteDockiOS;
				PRODUCT_NAME = "$(TARGET_NAME)";
				SDKROOT = iphoneos;
				SUPPORTED_PLATFORMS = "iphoneos iphonesimulator";
				SWIFT_EMIT_LOC_STRINGS = YES;
				SWIFT_VERSION = 6.0;
				TARGETED_DEVICE_FAMILY = "1,2";
			};
			name = Release;
		};
/* End XCBuildConfiguration section */

/* Begin XCConfigurationList section */
		000000000000000000000004 /* Build configuration list for PBXProject "RemoteDock" */ = {
			isa = XCConfigurationList;
			buildConfigurations = (
				000000000000000000000005 /* Debug */,
				000000000000000000000006 /* Release */,
			);
			defaultConfigurationIsVisible = 0;
			defaultConfigurationName = Release;
		};
		111111111111111111111004 /* Build configuration list for PBXNativeTarget "RemoteDockMac" */ = {
			isa = XCConfigurationList;
			buildConfigurations = (
				111111111111111111111005 /* Debug */,
				111111111111111111111006 /* Release */,
			);
			defaultConfigurationIsVisible = 0;
			defaultConfigurationName = Release;
		};
		222222222222222222221004 /* Build configuration list for PBXNativeTarget "RemoteDockiOS" */ = {
			isa = XCConfigurationList;
			buildConfigurations = (
				222222222222222222221005 /* Debug */,
				222222222222222222221006 /* Release */,
			);
			defaultConfigurationIsVisible = 0;
			defaultConfigurationName = Release;
		};
/* End XCConfigurationList section */

/* Begin XCLocalSwiftPackageReference section */
		999999999999999999990000 /* XCLocalSwiftPackageReference "packages/shared" */ = {
			isa = XCLocalSwiftPackageReference;
			relativePath = packages/shared;
		};
/* End XCLocalSwiftPackageReference section */

/* Begin XCSwiftPackageProductDependency section */
		999999999999999999990001 /* RemoteDockCore */ = {
			isa = XCSwiftPackageProductDependency;
			package = 999999999999999999990000 /* XCLocalSwiftPackageReference "packages/shared" */;
			productName = RemoteDockCore;
		};
		999999999999999999990002 /* RemoteDockProtocol */ = {
			isa = XCSwiftPackageProductDependency;
			package = 999999999999999999990000 /* XCLocalSwiftPackageReference "packages/shared" */;
			productName = RemoteDockProtocol;
		};
		999999999999999999990003 /* RemoteDockTransport */ = {
			isa = XCSwiftPackageProductDependency;
			package = 999999999999999999990000 /* XCLocalSwiftPackageReference "packages/shared" */;
			productName = RemoteDockTransport;
		};
/* End XCSwiftPackageProductDependency section */
	};
	rootObject = 000000000000000000000001 /* Project object */;
}
